
Microsoft Visual Studio Solution File, Format Version 12.00
# Visual Studio Version 17
VisualStudioVersion = 17.4.33110.190
MinimumVisualStudioVersion = 10.0.40219.1
Project("{9A19103F-16F7-4668-BE54-9A1E7A4F7556}") = "Music.Store", "Music.Store\Music.Store.csproj", "{374CC7D8-4A49-49FD-B2A3-C4749AB1623E}"
EndProject
Project("{9A19103F-16F7-4668-BE54-9A1E7A4F7556}") = "Music.Store.UI", "Music.Store.UI\Music.Store.UI.csproj", "{62FCC2C5-1FC2-43B3-9369-1736F458C11D}"
EndProject
Global
	GlobalSection(SolutionConfigurationPlatforms) = preSolution
		Debug|Any CPU = Debug|Any CPU
		Release|Any CPU = Release|Any CPU
	EndGlobalSection
	GlobalSection(ProjectConfigurationPlatforms) = postSolution
		{374CC7D8-4A49-49FD-B2A3-C4749AB1623E}.Debug|Any CPU.ActiveCfg = Debug|Any CPU
		{374CC7D8-4A49-49FD-B2A3-C4749AB1623E}.Debug|Any CPU.Build.0 = Debug|Any CPU
		{374CC7D8-4A49-49FD-B2A3-C4749AB1623E}.Release|Any CPU.ActiveCfg = Release|Any CPU
		{374CC7D8-4A49-49FD-B2A3-C4749AB1623E}.Release|Any CPU.Build.0 = Release|Any CPU
		{62FCC2C5-1FC2-43B3-9369-1736F458C11D}.Debug|Any CPU.ActiveCfg = Debug|Any CPU
		{62FCC2C5-1FC2-43B3-9369-1736F458C11D}.Debug|Any CPU.Build.0 = Debug|Any CPU
		{62FCC2C5-1FC2-43B3-9369-1736F458C11D}.Release|Any CPU.ActiveCfg = Release|Any CPU
		{62FCC2C5-1FC2-43B3-9369-1736F458C11D}.Release|Any CPU.Build.0 = Release|Any CPU
	EndGlobalSection
	GlobalSection(SolutionProperties) = preSolution
		HideSolutionNode = FALSE
	EndGlobalSection
	GlobalSection(ExtensibilityGlobals) = postSolution
		SolutionGuid = {2F861940-C6D5-4FFC-8DB0-C085570F9210}
	EndGlobalSection
EndGlobal
